
Microsoft Visual Studio Solution File, Format Version 12.00
# Visual Studio Version 17
VisualStudioVersion = 17.14.36109.1
MinimumVisualStudioVersion = 10.0.40219.1
Project("{2150E333-8FDC-42A3-9474-1A3956D46DE8}") = "Netrin.Position.Adapter", "Netrin.Position.Adapter", "{02EA681E-C7D8-13C7-8484-4AC65E1B71E8}"
EndProject
Project("{2150E333-8FDC-42A3-9474-1A3956D46DE8}") = "Netrin.Position.Application", "Netrin.Position.Application", "{02E60B24-0413-4B57-9E74-002B40B39DAE}"
EndProject
Project("{2150E333-8FDC-42A3-9474-1A3956D46DE8}") = "Netrin.Position.Domain", "Netrin.Position.Domain", "{3CE5C643-2577-4685-BA12-99B5A02354C5}"
EndProject
Project("{2150E333-8FDC-42A3-9474-1A3956D46DE8}") = "Netrin.Position.Infra", "Netrin.Position.Infra", "{2162814F-E6E8-45F8-A8C7-278545F44287}"
EndProject
Project("{FAE04EC0-301F-11D3-BF4B-00C04F79EFBC}") = "Netrin.Position.Adapter.MySql", "Netrin.Position.Adapter.MySql\Netrin.Position.Adapter.MySql.csproj", "{C46BD3F3-CD59-4E2A-B91D-87CBBD955298}"
EndProject
Project("{FAE04EC0-301F-11D3-BF4B-00C04F79EFBC}") = "Netrin.Position.Domain", "Netrin.Position.Domain\Netrin.Position.Domain.csproj", "{5CF705C1-B523-453B-A474-692EDC12ED11}"
EndProject
Project("{FAE04EC0-301F-11D3-BF4B-00C04F79EFBC}") = "Netrin.Position.Infra.MySql", "Netrin.Position.Infra.MySql\Netrin.Position.Infra.MySql.csproj", "{EB9B4DC9-CBA2-498E-B9A2-A3841CD64CE2}"
EndProject
Project("{FAE04EC0-301F-11D3-BF4B-00C04F79EFBC}") = "Netrin.Position.Infra.Packages", "Netrin.Position.Infra.Packages\Netrin.Position.Infra.Packages.csproj", "{6BB0883E-FDB7-4F94-9758-68CD2CE37BED}"
EndProject
Project("{FAE04EC0-301F-11D3-BF4B-00C04F79EFBC}") = "Netrin.Position.Application", "Netrin.Position.Application\Netrin.Position.Application.csproj", "{17528451-D7DC-401B-9FF3-300D2656B323}"
EndProject
Project("{FAE04EC0-301F-11D3-BF4B-00C04F79EFBC}") = "Netrin.Position.Web", "Netrin.Position.Web\Netrin.Position.Web.csproj", "{F0969A26-3206-443F-BECA-25549043B9FD}"
EndProject
Project("{2150E333-8FDC-42A3-9474-1A3956D46DE8}") = "Tests", "Tests", "{3B2F10E2-D612-483A-AAA8-A5831B30F6ED}"
EndProject
Project("{FAE04EC0-301F-11D3-BF4B-00C04F79EFBC}") = "Netrin.Position.Back.Tests", "Netrin.Position.Back.Tests\Netrin.Position.Back.Tests.csproj", "{EBAFEC1A-4261-4F52-8196-25E1CC7B0550}"
EndProject
Project("{2150E333-8FDC-42A3-9474-1A3956D46DE8}") = "Solution Items", "Solution Items", "{8EC462FD-D22E-90A8-E5CE-7E832BA40C5D}"
	ProjectSection(SolutionItems) = preProject
		.dockerignore = .dockerignore
		docker-compose.yml = docker-compose.yml
	EndProjectSection
EndProject
Global
	GlobalSection(SolutionConfigurationPlatforms) = preSolution
		Debug|Any CPU = Debug|Any CPU
		Release|Any CPU = Release|Any CPU
	EndGlobalSection
	GlobalSection(ProjectConfigurationPlatforms) = postSolution
		{C46BD3F3-CD59-4E2A-B91D-87CBBD955298}.Debug|Any CPU.ActiveCfg = Debug|Any CPU
		{C46BD3F3-CD59-4E2A-B91D-87CBBD955298}.Debug|Any CPU.Build.0 = Debug|Any CPU
		{C46BD3F3-CD59-4E2A-B91D-87CBBD955298}.Release|Any CPU.ActiveCfg = Release|Any CPU
		{C46BD3F3-CD59-4E2A-B91D-87CBBD955298}.Release|Any CPU.Build.0 = Release|Any CPU
		{5CF705C1-B523-453B-A474-692EDC12ED11}.Debug|Any CPU.ActiveCfg = Debug|Any CPU
		{5CF705C1-B523-453B-A474-692EDC12ED11}.Debug|Any CPU.Build.0 = Debug|Any CPU
		{5CF705C1-B523-453B-A474-692EDC12ED11}.Release|Any CPU.ActiveCfg = Release|Any CPU
		{5CF705C1-B523-453B-A474-692EDC12ED11}.Release|Any CPU.Build.0 = Release|Any CPU
		{EB9B4DC9-CBA2-498E-B9A2-A3841CD64CE2}.Debug|Any CPU.ActiveCfg = Debug|Any CPU
		{EB9B4DC9-CBA2-498E-B9A2-A3841CD64CE2}.Debug|Any CPU.Build.0 = Debug|Any CPU
		{EB9B4DC9-CBA2-498E-B9A2-A3841CD64CE2}.Release|Any CPU.ActiveCfg = Release|Any CPU
		{EB9B4DC9-CBA2-498E-B9A2-A3841CD64CE2}.Release|Any CPU.Build.0 = Release|Any CPU
		{6BB0883E-FDB7-4F94-9758-68CD2CE37BED}.Debug|Any CPU.ActiveCfg = Debug|Any CPU
		{6BB0883E-FDB7-4F94-9758-68CD2CE37BED}.Debug|Any CPU.Build.0 = Debug|Any CPU
		{6BB0883E-FDB7-4F94-9758-68CD2CE37BED}.Release|Any CPU.ActiveCfg = Release|Any CPU
		{6BB0883E-FDB7-4F94-9758-68CD2CE37BED}.Release|Any CPU.Build.0 = Release|Any CPU
		{17528451-D7DC-401B-9FF3-300D2656B323}.Debug|Any CPU.ActiveCfg = Debug|Any CPU
		{17528451-D7DC-401B-9FF3-300D2656B323}.Debug|Any CPU.Build.0 = Debug|Any CPU
		{17528451-D7DC-401B-9FF3-300D2656B323}.Release|Any CPU.ActiveCfg = Release|Any CPU
		{17528451-D7DC-401B-9FF3-300D2656B323}.Release|Any CPU.Build.0 = Release|Any CPU
		{F0969A26-3206-443F-BECA-25549043B9FD}.Debug|Any CPU.ActiveCfg = Debug|Any CPU
		{F0969A26-3206-443F-BECA-25549043B9FD}.Debug|Any CPU.Build.0 = Debug|Any CPU
		{F0969A26-3206-443F-BECA-25549043B9FD}.Release|Any CPU.ActiveCfg = Release|Any CPU
		{F0969A26-3206-443F-BECA-25549043B9FD}.Release|Any CPU.Build.0 = Release|Any CPU
		{EBAFEC1A-4261-4F52-8196-25E1CC7B0550}.Debug|Any CPU.ActiveCfg = Debug|Any CPU
		{EBAFEC1A-4261-4F52-8196-25E1CC7B0550}.Debug|Any CPU.Build.0 = Debug|Any CPU
		{EBAFEC1A-4261-4F52-8196-25E1CC7B0550}.Release|Any CPU.ActiveCfg = Release|Any CPU
		{EBAFEC1A-4261-4F52-8196-25E1CC7B0550}.Release|Any CPU.Build.0 = Release|Any CPU
	EndGlobalSection
	GlobalSection(SolutionProperties) = preSolution
		HideSolutionNode = FALSE
	EndGlobalSection
	GlobalSection(NestedProjects) = preSolution
		{C46BD3F3-CD59-4E2A-B91D-87CBBD955298} = {02EA681E-C7D8-13C7-8484-4AC65E1B71E8}
		{5CF705C1-B523-453B-A474-692EDC12ED11} = {3CE5C643-2577-4685-BA12-99B5A02354C5}
		{EB9B4DC9-CBA2-498E-B9A2-A3841CD64CE2} = {2162814F-E6E8-45F8-A8C7-278545F44287}
		{6BB0883E-FDB7-4F94-9758-68CD2CE37BED} = {2162814F-E6E8-45F8-A8C7-278545F44287}
		{17528451-D7DC-401B-9FF3-300D2656B323} = {02E60B24-0413-4B57-9E74-002B40B39DAE}
		{EBAFEC1A-4261-4F52-8196-25E1CC7B0550} = {3B2F10E2-D612-483A-AAA8-A5831B30F6ED}
	EndGlobalSection
	GlobalSection(ExtensibilityGlobals) = postSolution
		SolutionGuid = {0100B735-3B16-4ABD-B7E2-070E8030CCF3}
	EndGlobalSection
EndGlobal
